
Microsoft Visual Studio Solution File, Format Version 12.00
# Visual Studio Version 17
VisualStudioVersion = 17.13.35818.85 d17.13
MinimumVisualStudioVersion = 10.0.40219.1
Project("{FAE04EC0-301F-11D3-BF4B-00C04F79EFBC}") = "Agenda", "Agenda\Agenda.csproj", "{994EF75D-8CFB-47CF-AE8C-63A30C55ECDA}"
EndProject
Global
	GlobalSection(SolutionConfigurationPlatforms) = preSolution
		Debug|Any CPU = Debug|Any CPU
		Release|Any CPU = Release|Any CPU
	EndGlobalSection
	GlobalSection(ProjectConfigurationPlatforms) = postSolution
		{994EF75D-8CFB-47CF-AE8C-63A30C55ECDA}.Debug|Any CPU.ActiveCfg = Debug|Any CPU
		{994EF75D-8CFB-47CF-AE8C-63A30C55ECDA}.Debug|Any CPU.Build.0 = Debug|Any CPU
		{994EF75D-8CFB-47CF-AE8C-63A30C55ECDA}.Release|Any CPU.ActiveCfg = Release|Any CPU
		{994EF75D-8CFB-47CF-AE8C-63A30C55ECDA}.Release|Any CPU.Build.0 = Release|Any CPU
	EndGlobalSection
	GlobalSection(SolutionProperties) = preSolution
		HideSolutionNode = FALSE
	EndGlobalSection
	GlobalSection(ExtensibilityGlobals) = postSolution
		SolutionGuid = {C53AB69F-20A7-4AAF-B4FB-F397FAFB8DEC}
	EndGlobalSection
EndGlobal
